// !$*UTF8*$!
{
	archiveVersion = 1;
	classes = {
	};
	objectVersion = 46;
	objects = {

/* Begin PBXBuildFile section */
		1845145291457B34D297F177 /* Pods_MapChat.framework in Frameworks */ = {isa = PBXBuildFile; fileRef = 94318915D88927847A20B00B /* Pods_MapChat.framework */; };
		2A70F5DCA727F069D51A5C01 /* Pods_MapChatTests.framework in Frameworks */ = {isa = PBXBuildFile; fileRef = 7EF31DDF14ED860E448CF50E /* Pods_MapChatTests.framework */; };
		49BECD931CFBB0A0004574E9 /* MessageViewController.swift in Sources */ = {isa = PBXBuildFile; fileRef = 49BECD921CFBB0A0004574E9 /* MessageViewController.swift */; };
		49D14FB11CF40C2A001891B5 /* CoreLocation.framework in Frameworks */ = {isa = PBXBuildFile; fileRef = 49D14FB01CF40C2A001891B5 /* CoreLocation.framework */; };
		49D14FB31CF5221C001891B5 /* Device.swift in Sources */ = {isa = PBXBuildFile; fileRef = 49D14FB21CF5221C001891B5 /* Device.swift */; };
		9D80B22D1CEE891900A768C0 /* GoogleService-Info.plist in Resources */ = {isa = PBXBuildFile; fileRef = 9D80B22C1CEE891900A768C0 /* GoogleService-Info.plist */; };
		9D80B22E1CEE891900A768C0 /* GoogleService-Info.plist in Resources */ = {isa = PBXBuildFile; fileRef = 9D80B22C1CEE891900A768C0 /* GoogleService-Info.plist */; };
		9D80B22F1CEE891900A768C0 /* GoogleService-Info.plist in Resources */ = {isa = PBXBuildFile; fileRef = 9D80B22C1CEE891900A768C0 /* GoogleService-Info.plist */; };
		9D8E16E01CF53A95003DDA84 /* AllChatsTableViewCell.swift in Sources */ = {isa = PBXBuildFile; fileRef = 9D8E16DF1CF53A95003DDA84 /* AllChatsTableViewCell.swift */; };
		9DC74EEB1CFE770200B4CD91 /* SettingsViewController.swift in Sources */ = {isa = PBXBuildFile; fileRef = 9DC74EEA1CFE770200B4CD91 /* SettingsViewController.swift */; };
		9DC9577D1CEE78330086B700 /* MapKit.framework in Frameworks */ = {isa = PBXBuildFile; fileRef = 9DC9577C1CEE78330086B700 /* MapKit.framework */; };
		9DC9577F1CEE84F30086B700 /* MessageUI.framework in Frameworks */ = {isa = PBXBuildFile; fileRef = 9DC9577E1CEE84F30086B700 /* MessageUI.framework */; };
		9DC957811CEE86240086B700 /* Social.framework in Frameworks */ = {isa = PBXBuildFile; fileRef = 9DC957801CEE86240086B700 /* Social.framework */; };
		9DE941421CFE55F400642800 /* AllChatsViewController.swift in Sources */ = {isa = PBXBuildFile; fileRef = 9DE941411CFE55F400642800 /* AllChatsViewController.swift */; };
		C5D5402D1CED84E5008A0A2C /* AppDelegate.swift in Sources */ = {isa = PBXBuildFile; fileRef = C5D5402C1CED84E5008A0A2C /* AppDelegate.swift */; };
		C5D5402F1CED84E5008A0A2C /* ViewController.swift in Sources */ = {isa = PBXBuildFile; fileRef = C5D5402E1CED84E5008A0A2C /* ViewController.swift */; };
		C5D540321CED84E5008A0A2C /* Main.storyboard in Resources */ = {isa = PBXBuildFile; fileRef = C5D540301CED84E5008A0A2C /* Main.storyboard */; };
		C5D540341CED84E5008A0A2C /* Assets.xcassets in Resources */ = {isa = PBXBuildFile; fileRef = C5D540331CED84E5008A0A2C /* Assets.xcassets */; };
		C5D540371CED84E5008A0A2C /* LaunchScreen.storyboard in Resources */ = {isa = PBXBuildFile; fileRef = C5D540351CED84E5008A0A2C /* LaunchScreen.storyboard */; };
		C5D540421CED84E5008A0A2C /* MapChatTests.swift in Sources */ = {isa = PBXBuildFile; fileRef = C5D540411CED84E5008A0A2C /* MapChatTests.swift */; };
		C5D5404D1CED84E5008A0A2C /* MapChatUITests.swift in Sources */ = {isa = PBXBuildFile; fileRef = C5D5404C1CED84E5008A0A2C /* MapChatUITests.swift */; };
		ED2BE2B85411099AAC371D1F /* Pods_MapChatUITests.framework in Frameworks */ = {isa = PBXBuildFile; fileRef = 42542677798C8296FDA30BA1 /* Pods_MapChatUITests.framework */; };
/* End PBXBuildFile section */

/* Begin PBXContainerItemProxy section */
		C5D5403E1CED84E5008A0A2C /* PBXContainerItemProxy */ = {
			isa = PBXContainerItemProxy;
			containerPortal = C5D540211CED84E5008A0A2C /* Project object */;
			proxyType = 1;
			remoteGlobalIDString = C5D540281CED84E5008A0A2C;
			remoteInfo = MapChat;
		};
		C5D540491CED84E5008A0A2C /* PBXContainerItemProxy */ = {
			isa = PBXContainerItemProxy;
			containerPortal = C5D540211CED84E5008A0A2C /* Project object */;
			proxyType = 1;
			remoteGlobalIDString = C5D540281CED84E5008A0A2C;
			remoteInfo = MapChat;
		};
/* End PBXContainerItemProxy section */

/* Begin PBXFileReference section */
		0CA2A2EFA2F6B48BDDE102C0 /* Pods-MapChat.release.xcconfig */ = {isa = PBXFileReference; includeInIndex = 1; lastKnownFileType = text.xcconfig; name = "Pods-MapChat.release.xcconfig"; path = "Pods/Target Support Files/Pods-MapChat/Pods-MapChat.release.xcconfig"; sourceTree = "<group>"; };
		297F163EB2433127A30CA321 /* Pods-MapChatTests.release.xcconfig */ = {isa = PBXFileReference; includeInIndex = 1; lastKnownFileType = text.xcconfig; name = "Pods-MapChatTests.release.xcconfig"; path = "Pods/Target Support Files/Pods-MapChatTests/Pods-MapChatTests.release.xcconfig"; sourceTree = "<group>"; };
		42542677798C8296FDA30BA1 /* Pods_MapChatUITests.framework */ = {isa = PBXFileReference; explicitFileType = wrapper.framework; includeInIndex = 0; path = Pods_MapChatUITests.framework; sourceTree = BUILT_PRODUCTS_DIR; };
		49BECD921CFBB0A0004574E9 /* MessageViewController.swift */ = {isa = PBXFileReference; fileEncoding = 4; lastKnownFileType = sourcecode.swift; path = MessageViewController.swift; sourceTree = "<group>"; };
		49D14FB01CF40C2A001891B5 /* CoreLocation.framework */ = {isa = PBXFileReference; lastKnownFileType = wrapper.framework; name = CoreLocation.framework; path = System/Library/Frameworks/CoreLocation.framework; sourceTree = SDKROOT; };
		49D14FB21CF5221C001891B5 /* Device.swift */ = {isa = PBXFileReference; fileEncoding = 4; lastKnownFileType = sourcecode.swift; path = Device.swift; sourceTree = "<group>"; };
		792591189A4991C194A5504A /* Pods-MapChatTests.debug.xcconfig */ = {isa = PBXFileReference; includeInIndex = 1; lastKnownFileType = text.xcconfig; name = "Pods-MapChatTests.debug.xcconfig"; path = "Pods/Target Support Files/Pods-MapChatTests/Pods-MapChatTests.debug.xcconfig"; sourceTree = "<group>"; };
		7EF31DDF14ED860E448CF50E /* Pods_MapChatTests.framework */ = {isa = PBXFileReference; explicitFileType = wrapper.framework; includeInIndex = 0; path = Pods_MapChatTests.framework; sourceTree = BUILT_PRODUCTS_DIR; };
		94318915D88927847A20B00B /* Pods_MapChat.framework */ = {isa = PBXFileReference; explicitFileType = wrapper.framework; includeInIndex = 0; path = Pods_MapChat.framework; sourceTree = BUILT_PRODUCTS_DIR; };
		9D80B22C1CEE891900A768C0 /* GoogleService-Info.plist */ = {isa = PBXFileReference; fileEncoding = 4; lastKnownFileType = text.plist.xml; path = "GoogleService-Info.plist"; sourceTree = "<group>"; };
		9D8E16DF1CF53A95003DDA84 /* AllChatsTableViewCell.swift */ = {isa = PBXFileReference; fileEncoding = 4; lastKnownFileType = sourcecode.swift; path = AllChatsTableViewCell.swift; sourceTree = "<group>"; };
		9DC74EEA1CFE770200B4CD91 /* SettingsViewController.swift */ = {isa = PBXFileReference; fileEncoding = 4; lastKnownFileType = sourcecode.swift; path = SettingsViewController.swift; sourceTree = "<group>"; };
		9DC9577C1CEE78330086B700 /* MapKit.framework */ = {isa = PBXFileReference; lastKnownFileType = wrapper.framework; name = MapKit.framework; path = System/Library/Frameworks/MapKit.framework; sourceTree = SDKROOT; };
		9DC9577E1CEE84F30086B700 /* MessageUI.framework */ = {isa = PBXFileReference; lastKnownFileType = wrapper.framework; name = MessageUI.framework; path = System/Library/Frameworks/MessageUI.framework; sourceTree = SDKROOT; };
		9DC957801CEE86240086B700 /* Social.framework */ = {isa = PBXFileReference; lastKnownFileType = wrapper.framework; name = Social.framework; path = System/Library/Frameworks/Social.framework; sourceTree = SDKROOT; };
		9DE941411CFE55F400642800 /* AllChatsViewController.swift */ = {isa = PBXFileReference; fileEncoding = 4; lastKnownFileType = sourcecode.swift; path = AllChatsViewController.swift; sourceTree = "<group>"; };
		AB26D9F16A3974DBA2716CB6 /* Pods-MapChatUITests.release.xcconfig */ = {isa = PBXFileReference; includeInIndex = 1; lastKnownFileType = text.xcconfig; name = "Pods-MapChatUITests.release.xcconfig"; path = "Pods/Target Support Files/Pods-MapChatUITests/Pods-MapChatUITests.release.xcconfig"; sourceTree = "<group>"; };
		B510C394ABE9858847B3590C /* Pods-MapChat.debug.xcconfig */ = {isa = PBXFileReference; includeInIndex = 1; lastKnownFileType = text.xcconfig; name = "Pods-MapChat.debug.xcconfig"; path = "Pods/Target Support Files/Pods-MapChat/Pods-MapChat.debug.xcconfig"; sourceTree = "<group>"; };
		C5D540291CED84E5008A0A2C /* MapChat.app */ = {isa = PBXFileReference; explicitFileType = wrapper.application; includeInIndex = 0; path = MapChat.app; sourceTree = BUILT_PRODUCTS_DIR; };
		C5D5402C1CED84E5008A0A2C /* AppDelegate.swift */ = {isa = PBXFileReference; lastKnownFileType = sourcecode.swift; path = AppDelegate.swift; sourceTree = "<group>"; };
		C5D5402E1CED84E5008A0A2C /* ViewController.swift */ = {isa = PBXFileReference; lastKnownFileType = sourcecode.swift; path = ViewController.swift; sourceTree = "<group>"; };
		C5D540311CED84E5008A0A2C /* Base */ = {isa = PBXFileReference; lastKnownFileType = file.storyboard; name = Base; path = Base.lproj/Main.storyboard; sourceTree = "<group>"; };
		C5D540331CED84E5008A0A2C /* Assets.xcassets */ = {isa = PBXFileReference; lastKnownFileType = folder.assetcatalog; path = Assets.xcassets; sourceTree = "<group>"; };
		C5D540361CED84E5008A0A2C /* Base */ = {isa = PBXFileReference; lastKnownFileType = file.storyboard; name = Base; path = Base.lproj/LaunchScreen.storyboard; sourceTree = "<group>"; };
		C5D540381CED84E5008A0A2C /* Info.plist */ = {isa = PBXFileReference; lastKnownFileType = text.plist.xml; path = Info.plist; sourceTree = "<group>"; };
		C5D5403D1CED84E5008A0A2C /* MapChatTests.xctest */ = {isa = PBXFileReference; explicitFileType = wrapper.cfbundle; includeInIndex = 0; path = MapChatTests.xctest; sourceTree = BUILT_PRODUCTS_DIR; };
		C5D540411CED84E5008A0A2C /* MapChatTests.swift */ = {isa = PBXFileReference; lastKnownFileType = sourcecode.swift; path = MapChatTests.swift; sourceTree = "<group>"; };
		C5D540431CED84E5008A0A2C /* Info.plist */ = {isa = PBXFileReference; lastKnownFileType = text.plist.xml; path = Info.plist; sourceTree = "<group>"; };
		C5D540481CED84E5008A0A2C /* MapChatUITests.xctest */ = {isa = PBXFileReference; explicitFileType = wrapper.cfbundle; includeInIndex = 0; path = MapChatUITests.xctest; sourceTree = BUILT_PRODUCTS_DIR; };
		C5D5404C1CED84E5008A0A2C /* MapChatUITests.swift */ = {isa = PBXFileReference; lastKnownFileType = sourcecode.swift; path = MapChatUITests.swift; sourceTree = "<group>"; };
		C5D5404E1CED84E5008A0A2C /* Info.plist */ = {isa = PBXFileReference; lastKnownFileType = text.plist.xml; path = Info.plist; sourceTree = "<group>"; };
		C8BBE0C5E5DCADE11ED59B8B /* Pods-MapChatUITests.debug.xcconfig */ = {isa = PBXFileReference; includeInIndex = 1; lastKnownFileType = text.xcconfig; name = "Pods-MapChatUITests.debug.xcconfig"; path = "Pods/Target Support Files/Pods-MapChatUITests/Pods-MapChatUITests.debug.xcconfig"; sourceTree = "<group>"; };
/* End PBXFileReference section */

/* Begin PBXFrameworksBuildPhase section */
		C5D540261CED84E5008A0A2C /* Frameworks */ = {
			isa = PBXFrameworksBuildPhase;
			buildActionMask = 2147483647;
			files = (
				49D14FB11CF40C2A001891B5 /* CoreLocation.framework in Frameworks */,
				9DC957811CEE86240086B700 /* Social.framework in Frameworks */,
				9DC9577F1CEE84F30086B700 /* MessageUI.framework in Frameworks */,
				9DC9577D1CEE78330086B700 /* MapKit.framework in Frameworks */,
				1845145291457B34D297F177 /* Pods_MapChat.framework in Frameworks */,
			);
			runOnlyForDeploymentPostprocessing = 0;
		};
		C5D5403A1CED84E5008A0A2C /* Frameworks */ = {
			isa = PBXFrameworksBuildPhase;
			buildActionMask = 2147483647;
			files = (
				2A70F5DCA727F069D51A5C01 /* Pods_MapChatTests.framework in Frameworks */,
			);
			runOnlyForDeploymentPostprocessing = 0;
		};
		C5D540451CED84E5008A0A2C /* Frameworks */ = {
			isa = PBXFrameworksBuildPhase;
			buildActionMask = 2147483647;
			files = (
				ED2BE2B85411099AAC371D1F /* Pods_MapChatUITests.framework in Frameworks */,
			);
			runOnlyForDeploymentPostprocessing = 0;
		};
/* End PBXFrameworksBuildPhase section */

/* Begin PBXGroup section */
		49CC34F81CFE77B900A0ABD4 /* Layout */ = {
			isa = PBXGroup;
			children = (
				C5D540301CED84E5008A0A2C /* Main.storyboard */,
				C5D540351CED84E5008A0A2C /* LaunchScreen.storyboard */,
			);
			name = Layout;
			sourceTree = "<group>";
		};
		49CC34F91CFE77D500A0ABD4 /* Individual Chat */ = {
			isa = PBXGroup;
			children = (
				49BECD921CFBB0A0004574E9 /* MessageViewController.swift */,
			);
			name = "Individual Chat";
			sourceTree = "<group>";
		};
		49CC34FA1CFE780000A0ABD4 /* All Chats  */ = {
			isa = PBXGroup;
			children = (
				9DE941411CFE55F400642800 /* AllChatsViewController.swift */,
				9D8E16DF1CF53A95003DDA84 /* AllChatsTableViewCell.swift */,
			);
			name = "All Chats ";
			sourceTree = "<group>";
		};
		49CC34FB1CFE781700A0ABD4 /* Settings */ = {
			isa = PBXGroup;
			children = (
			);
			name = Settings;
			sourceTree = "<group>";
		};
		49CC34FC1CFE782D00A0ABD4 /* Map */ = {
			isa = PBXGroup;
			children = (
				C5D5402E1CED84E5008A0A2C /* ViewController.swift */,
			);
			name = Map;
			sourceTree = "<group>";
		};
		49CC34FD1CFE783900A0ABD4 /* Models */ = {
			isa = PBXGroup;
			children = (
				49D14FB21CF5221C001891B5 /* Device.swift */,
			);
			name = Models;
			sourceTree = "<group>";
		};
		6D7A2D884B63C58512CB9138 /* Frameworks */ = {
			isa = PBXGroup;
			children = (
				49D14FB01CF40C2A001891B5 /* CoreLocation.framework */,
				94318915D88927847A20B00B /* Pods_MapChat.framework */,
				7EF31DDF14ED860E448CF50E /* Pods_MapChatTests.framework */,
				42542677798C8296FDA30BA1 /* Pods_MapChatUITests.framework */,
			);
			name = Frameworks;
			sourceTree = "<group>";
		};
		B498F6696F4D166C613A0F5E /* Pods */ = {
			isa = PBXGroup;
			children = (
				B510C394ABE9858847B3590C /* Pods-MapChat.debug.xcconfig */,
				0CA2A2EFA2F6B48BDDE102C0 /* Pods-MapChat.release.xcconfig */,
				792591189A4991C194A5504A /* Pods-MapChatTests.debug.xcconfig */,
				297F163EB2433127A30CA321 /* Pods-MapChatTests.release.xcconfig */,
				C8BBE0C5E5DCADE11ED59B8B /* Pods-MapChatUITests.debug.xcconfig */,
				AB26D9F16A3974DBA2716CB6 /* Pods-MapChatUITests.release.xcconfig */,
			);
			name = Pods;
			sourceTree = "<group>";
		};
		C5D540201CED84E5008A0A2C = {
			isa = PBXGroup;
			children = (
				9DC957801CEE86240086B700 /* Social.framework */,
				9DC9577E1CEE84F30086B700 /* MessageUI.framework */,
				9DC9577C1CEE78330086B700 /* MapKit.framework */,
				C5D5402B1CED84E5008A0A2C /* MapChat */,
				C5D540401CED84E5008A0A2C /* MapChatTests */,
				C5D5404B1CED84E5008A0A2C /* MapChatUITests */,
				C5D5402A1CED84E5008A0A2C /* Products */,
				B498F6696F4D166C613A0F5E /* Pods */,
				6D7A2D884B63C58512CB9138 /* Frameworks */,
			);
			sourceTree = "<group>";
		};
		C5D5402A1CED84E5008A0A2C /* Products */ = {
			isa = PBXGroup;
			children = (
				C5D540291CED84E5008A0A2C /* MapChat.app */,
				C5D5403D1CED84E5008A0A2C /* MapChatTests.xctest */,
				C5D540481CED84E5008A0A2C /* MapChatUITests.xctest */,
			);
			name = Products;
			sourceTree = "<group>";
		};
		C5D5402B1CED84E5008A0A2C /* MapChat */ = {
			isa = PBXGroup;
			children = (
				49CC34FD1CFE783900A0ABD4 /* Models */,
				49CC34FC1CFE782D00A0ABD4 /* Map */,
				49CC34FB1CFE781700A0ABD4 /* Settings */,
				49CC34FA1CFE780000A0ABD4 /* All Chats  */,
				49CC34F91CFE77D500A0ABD4 /* Individual Chat */,
				49CC34F81CFE77B900A0ABD4 /* Layout */,
				C5D5402C1CED84E5008A0A2C /* AppDelegate.swift */,
				C5D540331CED84E5008A0A2C /* Assets.xcassets */,
				9D80B22C1CEE891900A768C0 /* GoogleService-Info.plist */,
				C5D540381CED84E5008A0A2C /* Info.plist */,
				49D14FB21CF5221C001891B5 /* Device.swift */,
				49BECD921CFBB0A0004574E9 /* MessageViewController.swift */,
				49CC34F61CFBBBAD00A0ABD4 /* Message.swift */,
				9DC74EEA1CFE770200B4CD91 /* SettingsViewController.swift */,
			);
			path = MapChat;
			sourceTree = "<group>";
		};
		C5D540401CED84E5008A0A2C /* MapChatTests */ = {
			isa = PBXGroup;
			children = (
				C5D540411CED84E5008A0A2C /* MapChatTests.swift */,
				C5D540431CED84E5008A0A2C /* Info.plist */,
			);
			path = MapChatTests;
			sourceTree = "<group>";
		};
		C5D5404B1CED84E5008A0A2C /* MapChatUITests */ = {
			isa = PBXGroup;
			children = (
				C5D5404C1CED84E5008A0A2C /* MapChatUITests.swift */,
				C5D5404E1CED84E5008A0A2C /* Info.plist */,
			);
			path = MapChatUITests;
			sourceTree = "<group>";
		};
/* End PBXGroup section */

/* Begin PBXNativeTarget section */
		C5D540281CED84E5008A0A2C /* MapChat */ = {
			isa = PBXNativeTarget;
			buildConfigurationList = C5D540511CED84E5008A0A2C /* Build configuration list for PBXNativeTarget "MapChat" */;
			buildPhases = (
				C7A5B7AD0F1396FEBFE0DE02 /* 📦 Check Pods Manifest.lock */,
				C5D540251CED84E5008A0A2C /* Sources */,
				C5D540261CED84E5008A0A2C /* Frameworks */,
				C5D540271CED84E5008A0A2C /* Resources */,
				016B7EF31395052F678A86D0 /* 📦 Embed Pods Frameworks */,
				708FEF2B5F0276066DB1512F /* 📦 Copy Pods Resources */,
			);
			buildRules = (
			);
			dependencies = (
			);
			name = MapChat;
			productName = MapChat;
			productReference = C5D540291CED84E5008A0A2C /* MapChat.app */;
			productType = "com.apple.product-type.application";
		};
		C5D5403C1CED84E5008A0A2C /* MapChatTests */ = {
			isa = PBXNativeTarget;
			buildConfigurationList = C5D540541CED84E5008A0A2C /* Build configuration list for PBXNativeTarget "MapChatTests" */;
			buildPhases = (
				89B58ECC7983F8B9EDD3C92F /* 📦 Check Pods Manifest.lock */,
				C5D540391CED84E5008A0A2C /* Sources */,
				C5D5403A1CED84E5008A0A2C /* Frameworks */,
				C5D5403B1CED84E5008A0A2C /* Resources */,
				FA672C83FB114B42FA0BB86E /* 📦 Embed Pods Frameworks */,
				DD6AA731064CBF016298DFB0 /* 📦 Copy Pods Resources */,
			);
			buildRules = (
			);
			dependencies = (
				C5D5403F1CED84E5008A0A2C /* PBXTargetDependency */,
			);
			name = MapChatTests;
			productName = MapChatTests;
			productReference = C5D5403D1CED84E5008A0A2C /* MapChatTests.xctest */;
			productType = "com.apple.product-type.bundle.unit-test";
		};
		C5D540471CED84E5008A0A2C /* MapChatUITests */ = {
			isa = PBXNativeTarget;
			buildConfigurationList = C5D540571CED84E5008A0A2C /* Build configuration list for PBXNativeTarget "MapChatUITests" */;
			buildPhases = (
				3F83EDBC446FC4A716CCA793 /* 📦 Check Pods Manifest.lock */,
				C5D540441CED84E5008A0A2C /* Sources */,
				C5D540451CED84E5008A0A2C /* Frameworks */,
				C5D540461CED84E5008A0A2C /* Resources */,
				B7EE46CDD9B4D864473C75E6 /* 📦 Copy Pods Resources */,
			);
			buildRules = (
			);
			dependencies = (
				C5D5404A1CED84E5008A0A2C /* PBXTargetDependency */,
			);
			name = MapChatUITests;
			productName = MapChatUITests;
			productReference = C5D540481CED84E5008A0A2C /* MapChatUITests.xctest */;
			productType = "com.apple.product-type.bundle.ui-testing";
		};
/* End PBXNativeTarget section */

/* Begin PBXProject section */
		C5D540211CED84E5008A0A2C /* Project object */ = {
			isa = PBXProject;
			attributes = {
				LastSwiftUpdateCheck = 0730;
				LastUpgradeCheck = 0730;
				ORGANIZATIONNAME = "Neward's Favs";
				TargetAttributes = {
					C5D540281CED84E5008A0A2C = {
						CreatedOnToolsVersion = 7.3.1;
						DevelopmentTeam = 59U69626W7;
					};
					C5D5403C1CED84E5008A0A2C = {
						CreatedOnToolsVersion = 7.3.1;
						TestTargetID = C5D540281CED84E5008A0A2C;
					};
					C5D540471CED84E5008A0A2C = {
						CreatedOnToolsVersion = 7.3.1;
						TestTargetID = C5D540281CED84E5008A0A2C;
					};
				};
			};
			buildConfigurationList = C5D540241CED84E5008A0A2C /* Build configuration list for PBXProject "MapChat" */;
			compatibilityVersion = "Xcode 3.2";
			developmentRegion = English;
			hasScannedForEncodings = 0;
			knownRegions = (
				en,
				Base,
			);
			mainGroup = C5D540201CED84E5008A0A2C;
			productRefGroup = C5D5402A1CED84E5008A0A2C /* Products */;
			projectDirPath = "";
			projectRoot = "";
			targets = (
				C5D540281CED84E5008A0A2C /* MapChat */,
				C5D5403C1CED84E5008A0A2C /* MapChatTests */,
				C5D540471CED84E5008A0A2C /* MapChatUITests */,
			);
		};
/* End PBXProject section */

/* Begin PBXResourcesBuildPhase section */
		C5D540271CED84E5008A0A2C /* Resources */ = {
			isa = PBXResourcesBuildPhase;
			buildActionMask = 2147483647;
			files = (
				C5D540371CED84E5008A0A2C /* LaunchScreen.storyboard in Resources */,
				9D80B22D1CEE891900A768C0 /* GoogleService-Info.plist in Resources */,
				C5D540341CED84E5008A0A2C /* Assets.xcassets in Resources */,
				C5D540321CED84E5008A0A2C /* Main.storyboard in Resources */,
			);
			runOnlyForDeploymentPostprocessing = 0;
		};
		C5D5403B1CED84E5008A0A2C /* Resources */ = {
			isa = PBXResourcesBuildPhase;
			buildActionMask = 2147483647;
			files = (
				9D80B22E1CEE891900A768C0 /* GoogleService-Info.plist in Resources */,
			);
			runOnlyForDeploymentPostprocessing = 0;
		};
		C5D540461CED84E5008A0A2C /* Resources */ = {
			isa = PBXResourcesBuildPhase;
			buildActionMask = 2147483647;
			files = (
				9D80B22F1CEE891900A768C0 /* GoogleService-Info.plist in Resources */,
			);
			runOnlyForDeploymentPostprocessing = 0;
		};
/* End PBXResourcesBuildPhase section */

/* Begin PBXShellScriptBuildPhase section */
		016B7EF31395052F678A86D0 /* 📦 Embed Pods Frameworks */ = {
			isa = PBXShellScriptBuildPhase;
			buildActionMask = 2147483647;
			files = (
			);
			inputPaths = (
			);
			name = "📦 Embed Pods Frameworks";
			outputPaths = (
			);
			runOnlyForDeploymentPostprocessing = 0;
			shellPath = /bin/sh;
			shellScript = "\"${SRCROOT}/Pods/Target Support Files/Pods-MapChat/Pods-MapChat-frameworks.sh\"\n";
			showEnvVarsInLog = 0;
		};
		3F83EDBC446FC4A716CCA793 /* 📦 Check Pods Manifest.lock */ = {
			isa = PBXShellScriptBuildPhase;
			buildActionMask = 2147483647;
			files = (
			);
			inputPaths = (
			);
			name = "📦 Check Pods Manifest.lock";
			outputPaths = (
			);
			runOnlyForDeploymentPostprocessing = 0;
			shellPath = /bin/sh;
			shellScript = "diff \"${PODS_ROOT}/../Podfile.lock\" \"${PODS_ROOT}/Manifest.lock\" > /dev/null\nif [[ $? != 0 ]] ; then\n    cat << EOM\nerror: The sandbox is not in sync with the Podfile.lock. Run 'pod install' or update your CocoaPods installation.\nEOM\n    exit 1\nfi\n";
			showEnvVarsInLog = 0;
		};
		708FEF2B5F0276066DB1512F /* 📦 Copy Pods Resources */ = {
			isa = PBXShellScriptBuildPhase;
			buildActionMask = 2147483647;
			files = (
			);
			inputPaths = (
			);
			name = "📦 Copy Pods Resources";
			outputPaths = (
			);
			runOnlyForDeploymentPostprocessing = 0;
			shellPath = /bin/sh;
			shellScript = "\"${SRCROOT}/Pods/Target Support Files/Pods-MapChat/Pods-MapChat-resources.sh\"\n";
			showEnvVarsInLog = 0;
		};
		89B58ECC7983F8B9EDD3C92F /* 📦 Check Pods Manifest.lock */ = {
			isa = PBXShellScriptBuildPhase;
			buildActionMask = 2147483647;
			files = (
			);
			inputPaths = (
			);
			name = "📦 Check Pods Manifest.lock";
			outputPaths = (
			);
			runOnlyForDeploymentPostprocessing = 0;
			shellPath = /bin/sh;
			shellScript = "diff \"${PODS_ROOT}/../Podfile.lock\" \"${PODS_ROOT}/Manifest.lock\" > /dev/null\nif [[ $? != 0 ]] ; then\n    cat << EOM\nerror: The sandbox is not in sync with the Podfile.lock. Run 'pod install' or update your CocoaPods installation.\nEOM\n    exit 1\nfi\n";
			showEnvVarsInLog = 0;
		};
		B7EE46CDD9B4D864473C75E6 /* 📦 Copy Pods Resources */ = {
			isa = PBXShellScriptBuildPhase;
			buildActionMask = 2147483647;
			files = (
			);
			inputPaths = (
			);
			name = "📦 Copy Pods Resources";
			outputPaths = (
			);
			runOnlyForDeploymentPostprocessing = 0;
			shellPath = /bin/sh;
			shellScript = "\"${SRCROOT}/Pods/Target Support Files/Pods-MapChatUITests/Pods-MapChatUITests-resources.sh\"\n";
			showEnvVarsInLog = 0;
		};
		C7A5B7AD0F1396FEBFE0DE02 /* 📦 Check Pods Manifest.lock */ = {
			isa = PBXShellScriptBuildPhase;
			buildActionMask = 2147483647;
			files = (
			);
			inputPaths = (
			);
			name = "📦 Check Pods Manifest.lock";
			outputPaths = (
			);
			runOnlyForDeploymentPostprocessing = 0;
			shellPath = /bin/sh;
			shellScript = "diff \"${PODS_ROOT}/../Podfile.lock\" \"${PODS_ROOT}/Manifest.lock\" > /dev/null\nif [[ $? != 0 ]] ; then\n    cat << EOM\nerror: The sandbox is not in sync with the Podfile.lock. Run 'pod install' or update your CocoaPods installation.\nEOM\n    exit 1\nfi\n";
			showEnvVarsInLog = 0;
		};
		DD6AA731064CBF016298DFB0 /* 📦 Copy Pods Resources */ = {
			isa = PBXShellScriptBuildPhase;
			buildActionMask = 2147483647;
			files = (
			);
			inputPaths = (
			);
			name = "📦 Copy Pods Resources";
			outputPaths = (
			);
			runOnlyForDeploymentPostprocessing = 0;
			shellPath = /bin/sh;
			shellScript = "\"${SRCROOT}/Pods/Target Support Files/Pods-MapChatTests/Pods-MapChatTests-resources.sh\"\n";
			showEnvVarsInLog = 0;
		};
		FA672C83FB114B42FA0BB86E /* 📦 Embed Pods Frameworks */ = {
			isa = PBXShellScriptBuildPhase;
			buildActionMask = 2147483647;
			files = (
			);
			inputPaths = (
			);
			name = "📦 Embed Pods Frameworks";
			outputPaths = (
			);
			runOnlyForDeploymentPostprocessing = 0;
			shellPath = /bin/sh;
			shellScript = "\"${SRCROOT}/Pods/Target Support Files/Pods-MapChatTests/Pods-MapChatTests-frameworks.sh\"\n";
			showEnvVarsInLog = 0;
		};
/* End PBXShellScriptBuildPhase section */

/* Begin PBXSourcesBuildPhase section */
		C5D540251CED84E5008A0A2C /* Sources */ = {
			isa = PBXSourcesBuildPhase;
			buildActionMask = 2147483647;
			files = (
				49D14FB31CF5221C001891B5 /* Device.swift in Sources */,
				9DE941421CFE55F400642800 /* AllChatsViewController.swift in Sources */,
				C5D5402F1CED84E5008A0A2C /* ViewController.swift in Sources */,
				9D8E16E01CF53A95003DDA84 /* AllChatsTableViewCell.swift in Sources */,
				C5D5402D1CED84E5008A0A2C /* AppDelegate.swift in Sources */,
				49BECD931CFBB0A0004574E9 /* MessageViewController.swift in Sources */,
				9DC74EEB1CFE770200B4CD91 /* SettingsViewController.swift in Sources */,
			);
			runOnlyForDeploymentPostprocessing = 0;
		};
		C5D540391CED84E5008A0A2C /* Sources */ = {
			isa = PBXSourcesBuildPhase;
			buildActionMask = 2147483647;
			files = (
				C5D540421CED84E5008A0A2C /* MapChatTests.swift in Sources */,
			);
			runOnlyForDeploymentPostprocessing = 0;
		};
		C5D540441CED84E5008A0A2C /* Sources */ = {
			isa = PBXSourcesBuildPhase;
			buildActionMask = 2147483647;
			files = (
				C5D5404D1CED84E5008A0A2C /* MapChatUITests.swift in Sources */,
			);
			runOnlyForDeploymentPostprocessing = 0;
		};
/* End PBXSourcesBuildPhase section */

/* Begin PBXTargetDependency section */
		C5D5403F1CED84E5008A0A2C /* PBXTargetDependency */ = {
			isa = PBXTargetDependency;
			target = C5D540281CED84E5008A0A2C /* MapChat */;
			targetProxy = C5D5403E1CED84E5008A0A2C /* PBXContainerItemProxy */;
		};
		C5D5404A1CED84E5008A0A2C /* PBXTargetDependency */ = {
			isa = PBXTargetDependency;
			target = C5D540281CED84E5008A0A2C /* MapChat */;
			targetProxy = C5D540491CED84E5008A0A2C /* PBXContainerItemProxy */;
		};
/* End PBXTargetDependency section */

/* Begin PBXVariantGroup section */
		C5D540301CED84E5008A0A2C /* Main.storyboard */ = {
			isa = PBXVariantGroup;
			children = (
				C5D540311CED84E5008A0A2C /* Base */,
			);
			name = Main.storyboard;
			sourceTree = "<group>";
		};
		C5D540351CED84E5008A0A2C /* LaunchScreen.storyboard */ = {
			isa = PBXVariantGroup;
			children = (
				C5D540361CED84E5008A0A2C /* Base */,
			);
			name = LaunchScreen.storyboard;
			sourceTree = "<group>";
		};
/* End PBXVariantGroup section */

/* Begin XCBuildConfiguration section */
		C5D5404F1CED84E5008A0A2C /* Debug */ = {
			isa = XCBuildConfiguration;
			buildSettings = {
				ALWAYS_SEARCH_USER_PATHS = NO;
				CLANG_ANALYZER_NONNULL = YES;
				CLANG_CXX_LANGUAGE_STANDARD = "gnu++0x";
				CLANG_CXX_LIBRARY = "libc++";
				CLANG_ENABLE_MODULES = YES;
				CLANG_ENABLE_OBJC_ARC = YES;
				CLANG_WARN_BOOL_CONVERSION = YES;
				CLANG_WARN_CONSTANT_CONVERSION = YES;
				CLANG_WARN_DIRECT_OBJC_ISA_USAGE = YES_ERROR;
				CLANG_WARN_EMPTY_BODY = YES;
				CLANG_WARN_ENUM_CONVERSION = YES;
				CLANG_WARN_INT_CONVERSION = YES;
				CLANG_WARN_OBJC_ROOT_CLASS = YES_ERROR;
				CLANG_WARN_UNREACHABLE_CODE = YES;
				CLANG_WARN__DUPLICATE_METHOD_MATCH = YES;
				"CODE_SIGN_IDENTITY[sdk=iphoneos*]" = "iPhone Developer";
				COPY_PHASE_STRIP = NO;
				DEBUG_INFORMATION_FORMAT = dwarf;
				ENABLE_STRICT_OBJC_MSGSEND = YES;
				ENABLE_TESTABILITY = YES;
				GCC_C_LANGUAGE_STANDARD = gnu99;
				GCC_DYNAMIC_NO_PIC = NO;
				GCC_NO_COMMON_BLOCKS = YES;
				GCC_OPTIMIZATION_LEVEL = 0;
				GCC_PREPROCESSOR_DEFINITIONS = (
					"DEBUG=1",
					"$(inherited)",
				);
				GCC_WARN_64_TO_32_BIT_CONVERSION = YES;
				GCC_WARN_ABOUT_RETURN_TYPE = YES_ERROR;
				GCC_WARN_UNDECLARED_SELECTOR = YES;
				GCC_WARN_UNINITIALIZED_AUTOS = YES_AGGRESSIVE;
				GCC_WARN_UNUSED_FUNCTION = YES;
				GCC_WARN_UNUSED_VARIABLE = YES;
				IPHONEOS_DEPLOYMENT_TARGET = 9.3;
				MTL_ENABLE_DEBUG_INFO = YES;
				ONLY_ACTIVE_ARCH = YES;
				SDKROOT = iphoneos;
				SWIFT_OPTIMIZATION_LEVEL = "-Onone";
			};
			name = Debug;
		};
		C5D540501CED84E5008A0A2C /* Release */ = {
			isa = XCBuildConfiguration;
			buildSettings = {
				ALWAYS_SEARCH_USER_PATHS = NO;
				CLANG_ANALYZER_NONNULL = YES;
				CLANG_CXX_LANGUAGE_STANDARD = "gnu++0x";
				CLANG_CXX_LIBRARY = "libc++";
				CLANG_ENABLE_MODULES = YES;
				CLANG_ENABLE_OBJC_ARC = YES;
				CLANG_WARN_BOOL_CONVERSION = YES;
				CLANG_WARN_CONSTANT_CONVERSION = YES;
				CLANG_WARN_DIRECT_OBJC_ISA_USAGE = YES_ERROR;
				CLANG_WARN_EMPTY_BODY = YES;
				CLANG_WARN_ENUM_CONVERSION = YES;
				CLANG_WARN_INT_CONVERSION = YES;
				CLANG_WARN_OBJC_ROOT_CLASS = YES_ERROR;
				CLANG_WARN_UNREACHABLE_CODE = YES;
				CLANG_WARN__DUPLICATE_METHOD_MATCH = YES;
				"CODE_SIGN_IDENTITY[sdk=iphoneos*]" = "iPhone Developer";
				COPY_PHASE_STRIP = NO;
				DEBUG_INFORMATION_FORMAT = "dwarf-with-dsym";
				ENABLE_NS_ASSERTIONS = NO;
				ENABLE_STRICT_OBJC_MSGSEND = YES;
				GCC_C_LANGUAGE_STANDARD = gnu99;
				GCC_NO_COMMON_BLOCKS = YES;
				GCC_WARN_64_TO_32_BIT_CONVERSION = YES;
				GCC_WARN_ABOUT_RETURN_TYPE = YES_ERROR;
				GCC_WARN_UNDECLARED_SELECTOR = YES;
				GCC_WARN_UNINITIALIZED_AUTOS = YES_AGGRESSIVE;
				GCC_WARN_UNUSED_FUNCTION = YES;
				GCC_WARN_UNUSED_VARIABLE = YES;
				IPHONEOS_DEPLOYMENT_TARGET = 9.3;
				MTL_ENABLE_DEBUG_INFO = NO;
				SDKROOT = iphoneos;
				VALIDATE_PRODUCT = YES;
			};
			name = Release;
		};
		C5D540521CED84E5008A0A2C /* Debug */ = {
			isa = XCBuildConfiguration;
			baseConfigurationReference = B510C394ABE9858847B3590C /* Pods-MapChat.debug.xcconfig */;
			buildSettings = {
				ASSETCATALOG_COMPILER_APPICON_NAME = AppIcon;
				CODE_SIGN_IDENTITY = "iPhone Developer";
				"CODE_SIGN_IDENTITY[sdk=iphoneos*]" = "iPhone Developer";
				INFOPLIST_FILE = MapChat/Info.plist;
				LD_RUNPATH_SEARCH_PATHS = "$(inherited) @executable_path/Frameworks";
				PRODUCT_BUNDLE_IDENTIFIER = ischool.MapChat;
				PRODUCT_NAME = "$(TARGET_NAME)";
				PROVISIONING_PROFILE = "";
			};
			name = Debug;
		};
		C5D540531CED84E5008A0A2C /* Release */ = {
			isa = XCBuildConfiguration;
			baseConfigurationReference = 0CA2A2EFA2F6B48BDDE102C0 /* Pods-MapChat.release.xcconfig */;
			buildSettings = {
				ASSETCATALOG_COMPILER_APPICON_NAME = AppIcon;
				CODE_SIGN_IDENTITY = "iPhone Developer";
				"CODE_SIGN_IDENTITY[sdk=iphoneos*]" = "iPhone Developer";
				INFOPLIST_FILE = MapChat/Info.plist;
				LD_RUNPATH_SEARCH_PATHS = "$(inherited) @executable_path/Frameworks";
				PRODUCT_BUNDLE_IDENTIFIER = ischool.MapChat;
				PRODUCT_NAME = "$(TARGET_NAME)";
				PROVISIONING_PROFILE = "";
			};
			name = Release;
		};
		C5D540551CED84E5008A0A2C /* Debug */ = {
			isa = XCBuildConfiguration;
			baseConfigurationReference = 792591189A4991C194A5504A /* Pods-MapChatTests.debug.xcconfig */;
			buildSettings = {
				BUNDLE_LOADER = "$(TEST_HOST)";
				INFOPLIST_FILE = MapChatTests/Info.plist;
				LD_RUNPATH_SEARCH_PATHS = "$(inherited) @executable_path/Frameworks @loader_path/Frameworks";
				PRODUCT_BUNDLE_IDENTIFIER = ischool.MapChatTests;
				PRODUCT_NAME = "$(TARGET_NAME)";
				TEST_HOST = "$(BUILT_PRODUCTS_DIR)/MapChat.app/MapChat";
			};
			name = Debug;
		};
		C5D540561CED84E5008A0A2C /* Release */ = {
			isa = XCBuildConfiguration;
			baseConfigurationReference = 297F163EB2433127A30CA321 /* Pods-MapChatTests.release.xcconfig */;
			buildSettings = {
				BUNDLE_LOADER = "$(TEST_HOST)";
				INFOPLIST_FILE = MapChatTests/Info.plist;
				LD_RUNPATH_SEARCH_PATHS = "$(inherited) @executable_path/Frameworks @loader_path/Frameworks";
				PRODUCT_BUNDLE_IDENTIFIER = ischool.MapChatTests;
				PRODUCT_NAME = "$(TARGET_NAME)";
				TEST_HOST = "$(BUILT_PRODUCTS_DIR)/MapChat.app/MapChat";
			};
			name = Release;
		};
		C5D540581CED84E5008A0A2C /* Debug */ = {
			isa = XCBuildConfiguration;
			baseConfigurationReference = C8BBE0C5E5DCADE11ED59B8B /* Pods-MapChatUITests.debug.xcconfig */;
			buildSettings = {
				INFOPLIST_FILE = MapChatUITests/Info.plist;
				LD_RUNPATH_SEARCH_PATHS = "$(inherited) @executable_path/Frameworks @loader_path/Frameworks";
				PRODUCT_BUNDLE_IDENTIFIER = ischool.MapChatUITests;
				PRODUCT_NAME = "$(TARGET_NAME)";
				TEST_TARGET_NAME = MapChat;
			};
			name = Debug;
		};
		C5D540591CED84E5008A0A2C /* Release */ = {
			isa = XCBuildConfiguration;
			baseConfigurationReference = AB26D9F16A3974DBA2716CB6 /* Pods-MapChatUITests.release.xcconfig */;
			buildSettings = {
				INFOPLIST_FILE = MapChatUITests/Info.plist;
				LD_RUNPATH_SEARCH_PATHS = "$(inherited) @executable_path/Frameworks @loader_path/Frameworks";
				PRODUCT_BUNDLE_IDENTIFIER = ischool.MapChatUITests;
				PRODUCT_NAME = "$(TARGET_NAME)";
				TEST_TARGET_NAME = MapChat;
			};
			name = Release;
		};
/* End XCBuildConfiguration section */

/* Begin XCConfigurationList section */
		C5D540241CED84E5008A0A2C /* Build configuration list for PBXProject "MapChat" */ = {
			isa = XCConfigurationList;
			buildConfigurations = (
				C5D5404F1CED84E5008A0A2C /* Debug */,
				C5D540501CED84E5008A0A2C /* Release */,
			);
			defaultConfigurationIsVisible = 0;
			defaultConfigurationName = Release;
		};
		C5D540511CED84E5008A0A2C /* Build configuration list for PBXNativeTarget "MapChat" */ = {
			isa = XCConfigurationList;
			buildConfigurations = (
				C5D540521CED84E5008A0A2C /* Debug */,
				C5D540531CED84E5008A0A2C /* Release */,
			);
			defaultConfigurationIsVisible = 0;
			defaultConfigurationName = Release;
		};
		C5D540541CED84E5008A0A2C /* Build configuration list for PBXNativeTarget "MapChatTests" */ = {
			isa = XCConfigurationList;
			buildConfigurations = (
				C5D540551CED84E5008A0A2C /* Debug */,
				C5D540561CED84E5008A0A2C /* Release */,
			);
			defaultConfigurationIsVisible = 0;
			defaultConfigurationName = Release;
		};
		C5D540571CED84E5008A0A2C /* Build configuration list for PBXNativeTarget "MapChatUITests" */ = {
			isa = XCConfigurationList;
			buildConfigurations = (
				C5D540581CED84E5008A0A2C /* Debug */,
				C5D540591CED84E5008A0A2C /* Release */,
			);
			defaultConfigurationIsVisible = 0;
			defaultConfigurationName = Release;
		};
/* End XCConfigurationList section */
	};
	rootObject = C5D540211CED84E5008A0A2C /* Project object */;
}
